<?xml version="1.0" encoding="utf-8"?>
<Project ToolsVersion="4.0" xmlns="http://schemas.microsoft.com/developer/msbuild/2003">
  <ItemGroup>
    <Filter Include="Source">
      <UniqueIdentifier>{93367290-6fd2-437a-a6a6-7e72b2c70325}</UniqueIdentifier>
    </Filter>
    <Filter Include="External Libraries">
      <UniqueIdentifier>{93995380-89BD-4b04-88EB-625FBE52EBFB}</UniqueIdentifier>
      <Extensions>h;hh;hpp;hxx;hm;inl;inc;ipp;xsd</Extensions>
    </Filter>
    <Filter Include="Source\Utils">
      <UniqueIdentifier>{3af24170-974b-4850-b43a-21ea4735e1e9}</UniqueIdentifier>
    </Filter>
    <Filter Include="Source\Modules">
      <UniqueIdentifier>{05813e4b-547c-4fb0-8557-4c624fb00d44}</UniqueIdentifier>
    </Filter>
    <Filter Include="Source\Helpers">
      <UniqueIdentifier>{04d2aa8d-bd05-4046-a937-151a46d1c591}</UniqueIdentifier>
    </Filter>
    <Filter Include="Source\Scenes">
      <UniqueIdentifier>{f9fd1d52-0422-4c98-97a4-40ac402c34ae}</UniqueIdentifier>
    </Filter>
    <Filter Include="Source\libs">
      <UniqueIdentifier>{ddbeb801-006c-430e-9c99-4e59de80af36}</UniqueIdentifier>
    </Filter>
    <Filter Include="Source\libs\imgui">
      <UniqueIdentifier>{431f56da-04ea-4a2f-9984-ed0d3dda9c14}</UniqueIdentifier>
    </Filter>
  </ItemGroup>
  <ItemGroup>
    <ClCompile Include="Source\Main.cpp">
      <Filter>Source</Filter>
    </ClCompile>
    <ClCompile Include="Source\Engine.cpp">
      <Filter>Source</Filter>
    </ClCompile>
    <ClCompile Include="Source\Window.cpp">
      <Filter>Source\Modules</Filter>
    </ClCompile>
    <ClCompile Include="Source\Log.cpp">
      <Filter>Source\Utils</Filter>
    </ClCompile>
    <ClCompile Include="Source\Renderer3D.cpp">
      <Filter>Source\Modules</Filter>
    </ClCompile>
    <ClCompile Include="Source\Light.cpp">
      <Filter>Source\Helpers</Filter>
    </ClCompile>
    <ClCompile Include="Source\Color.cpp">
      <Filter>Source\Helpers</Filter>
    </ClCompile>
    <ClCompile Include="Source\glmath.cpp">
      <Filter>Source\Utils</Filter>
    </ClCompile>
    <ClCompile Include="Source\Camera3D.cpp">
      <Filter>Source\Modules</Filter>
    </ClCompile>
    <ClCompile Include="Source\Input.cpp">
      <Filter>Source\Modules</Filter>
    </ClCompile>
    <ClCompile Include="Source\SceneIntro.cpp">
      <Filter>Source\Scenes</Filter>
    </ClCompile>
    <ClCompile Include="Source\Primitive.cpp">
      <Filter>Source\Helpers</Filter>
    </ClCompile>
    <ClCompile Include="Source\External\imgui\imgui.cpp">
      <Filter>Source\libs\imgui</Filter>
    </ClCompile>
    <ClCompile Include="Source\External\imgui\imgui_demo.cpp">
      <Filter>Source\libs\imgui</Filter>
    </ClCompile>
    <ClCompile Include="Source\External\imgui\imgui_draw.cpp">
      <Filter>Source\libs\imgui</Filter>
    </ClCompile>
    <ClCompile Include="Source\External\imgui\imgui_impl_opengl2.cpp">
      <Filter>Source\libs\imgui</Filter>
    </ClCompile>
    <ClCompile Include="Source\External\imgui\imgui_impl_opengl3.cpp">
      <Filter>Source\libs\imgui</Filter>
    </ClCompile>
    <ClCompile Include="Source\External\imgui\imgui_impl_sdl.cpp">
      <Filter>Source\libs\imgui</Filter>
    </ClCompile>
    <ClCompile Include="Source\External\imgui\imgui_tables.cpp">
      <Filter>Source\libs\imgui</Filter>
    </ClCompile>
    <ClCompile Include="Source\External\imgui\imgui_widgets.cpp">
      <Filter>Source\libs\imgui</Filter>
    </ClCompile>
  </ItemGroup>
  <ItemGroup>
    <ClInclude Include="Source\Engine.h">
      <Filter>Source</Filter>
    </ClInclude>
    <ClInclude Include="Source\Defs.h">
      <Filter>Source\Utils</Filter>
    </ClInclude>
    <ClInclude Include="Source\Log.h">
      <Filter>Source\Utils</Filter>
    </ClInclude>
    <ClInclude Include="Source\List.h">
      <Filter>Source\Utils</Filter>
    </ClInclude>
    <ClInclude Include="Source\PerfTimer.h">
      <Filter>Source\Utils</Filter>
    </ClInclude>
    <ClInclude Include="Source\SString.h">
      <Filter>Source\Utils</Filter>
    </ClInclude>
    <ClInclude Include="Source\Timer.h">
      <Filter>Source\Utils</Filter>
    </ClInclude>
    <ClInclude Include="Source\Module.h">
      <Filter>Source\Modules</Filter>
    </ClInclude>
    <ClInclude Include="Source\Window.h">
      <Filter>Source\Modules</Filter>
    </ClInclude>
    <ClInclude Include="Source\Renderer3D.h">
      <Filter>Source\Modules</Filter>
    </ClInclude>
    <ClInclude Include="Source\Light.h">
      <Filter>Source\Helpers</Filter>
    </ClInclude>
    <ClInclude Include="Source\Color.h">
      <Filter>Source\Helpers</Filter>
    </ClInclude>
    <ClInclude Include="Source\Globals.h">
      <Filter>Source</Filter>
    </ClInclude>
    <ClInclude Include="Source\glmath.h">
      <Filter>Source\Utils</Filter>
    </ClInclude>
    <ClInclude Include="Source\Camera3D.h">
      <Filter>Source\Modules</Filter>
    </ClInclude>
    <ClInclude Include="Source\Input.h">
      <Filter>Source\Modules</Filter>
    </ClInclude>
    <ClInclude Include="Source\SceneIntro.h">
      <Filter>Source\Scenes</Filter>
    </ClInclude>
    <ClInclude Include="Source\Primitive.h">
      <Filter>Source\Helpers</Filter>
    </ClInclude>
    <ClInclude Include="Source\External\imgui\imconfig.h">
      <Filter>Source\libs\imgui</Filter>
    </ClInclude>
    <ClInclude Include="Source\External\imgui\imgui.h">
      <Filter>Source\libs\imgui</Filter>
    </ClInclude>
    <ClInclude Include="Source\External\imgui\imgui_impl_opengl2.h">
      <Filter>Source\libs\imgui</Filter>
    </ClInclude>
    <ClInclude Include="Source\External\imgui\imgui_impl_opengl3.h">
      <Filter>Source\libs\imgui</Filter>
    </ClInclude>
    <ClInclude Include="Source\External\imgui\imgui_impl_opengl3_loader.h">
      <Filter>Source\libs\imgui</Filter>
    </ClInclude>
    <ClInclude Include="Source\External\imgui\imgui_impl_sdl.h">
      <Filter>Source\libs\imgui</Filter>
    </ClInclude>
    <ClInclude Include="Source\External\imgui\imgui_internal.h">
      <Filter>Source\libs\imgui</Filter>
    </ClInclude>
    <ClInclude Include="Source\External\imgui\imstb_rectpack.h">
      <Filter>Source\libs\imgui</Filter>
    </ClInclude>
    <ClInclude Include="Source\External\imgui\imstb_textedit.h">
      <Filter>Source\libs\imgui</Filter>
    </ClInclude>
    <ClInclude Include="Source\External\imgui\imstb_truetype.h">
      <Filter>Source\libs\imgui</Filter>
    </ClInclude>
  </ItemGroup>
</Project>