<?xml version="1.0" encoding="utf-8"?>
<Project ToolsVersion="4.0" xmlns="http://schemas.microsoft.com/developer/msbuild/2003">
  <ItemGroup>
    <Filter Include="Source">
      <UniqueIdentifier>{93367290-6fd2-437a-a6a6-7e72b2c70325}</UniqueIdentifier>
    </Filter>
    <Filter Include="External Libraries">
      <UniqueIdentifier>{93995380-89BD-4b04-88EB-625FBE52EBFB}</UniqueIdentifier>
      <Extensions>h;hh;hpp;hxx;hm;inl;inc;ipp;xsd</Extensions>
    </Filter>
    <Filter Include="Source\Utils">
      <UniqueIdentifier>{3af24170-974b-4850-b43a-21ea4735e1e9}</UniqueIdentifier>
    </Filter>
    <Filter Include="Source\Modules">
      <UniqueIdentifier>{05813e4b-547c-4fb0-8557-4c624fb00d44}</UniqueIdentifier>
    </Filter>
    <Filter Include="Source\Helpers">
      <UniqueIdentifier>{04d2aa8d-bd05-4046-a937-151a46d1c591}</UniqueIdentifier>
    </Filter>
    <Filter Include="Source\Scenes">
      <UniqueIdentifier>{f9fd1d52-0422-4c98-97a4-40ac402c34ae}</UniqueIdentifier>
    </Filter>
    <Filter Include="Libs">
      <UniqueIdentifier>{c7e226c4-70c3-40b5-bf1a-5ff839fb801d}</UniqueIdentifier>
    </Filter>
    <Filter Include="Libs\imgui">
      <UniqueIdentifier>{9ccdcf26-21a4-4089-8fd5-110e7c6857ce}</UniqueIdentifier>
    </Filter>
    <Filter Include="Libs\MathGeoLib">
      <UniqueIdentifier>{cf6a984c-a676-4f76-9706-764f4cfabea9}</UniqueIdentifier>
    </Filter>
    <Filter Include="Libs\MathGeoLib\Algorithms">
      <UniqueIdentifier>{7f93af30-1abb-48b7-ae10-669ec1b45ae7}</UniqueIdentifier>
    </Filter>
    <Filter Include="Libs\MathGeoLib\Algorithms\Random">
      <UniqueIdentifier>{5ed14402-6505-4df6-b2e1-a53dec40ef23}</UniqueIdentifier>
    </Filter>
    <Filter Include="Libs\MathGeoLib\Geometry">
      <UniqueIdentifier>{f9bbbe9e-6f63-44cb-8c2c-4f9a688e6d90}</UniqueIdentifier>
    </Filter>
    <Filter Include="Libs\MathGeoLib\Math">
      <UniqueIdentifier>{939821b2-8ee8-4008-a3ed-ec9b44b6994a}</UniqueIdentifier>
    </Filter>
    <Filter Include="Libs\MathGeoLib\Time">
      <UniqueIdentifier>{aac16b4e-0fa1-4dc0-a723-b570f8e7b396}</UniqueIdentifier>
    </Filter>
    <Filter Include="Libs\JsonParser">
      <UniqueIdentifier>{2cd4215b-be2e-4b9f-a8b9-f1946823934a}</UniqueIdentifier>
    </Filter>
    <Filter Include="Source\Editor">
      <UniqueIdentifier>{6f0f8836-62b6-4d34-b9cd-da4392624186}</UniqueIdentifier>
    </Filter>
    <Filter Include="Source\Editor\Panels">
      <UniqueIdentifier>{86c369c4-4256-4542-bdba-bbdad68a3144}</UniqueIdentifier>
    </Filter>
    <Filter Include="Source\Editor\Style">
      <UniqueIdentifier>{c1de32b1-1c7b-40dd-8905-5cea2b9f13d7}</UniqueIdentifier>
    </Filter>
    <Filter Include="Libs\mmgr">
      <UniqueIdentifier>{3e258013-dd79-4d84-9f8d-bc10657f6bf5}</UniqueIdentifier>
    </Filter>
    <Filter Include="Source\Editor\MenuBars">
      <UniqueIdentifier>{9e3e199a-c5e2-4059-80bd-b48f881b223f}</UniqueIdentifier>
    </Filter>
    <Filter Include="Source\GameObject">
      <UniqueIdentifier>{efe9d3b9-25b8-4678-9a91-11835544f8c7}</UniqueIdentifier>
    </Filter>
    <Filter Include="Source\GameObject\Components">
      <UniqueIdentifier>{2cf47586-6d20-4466-97fd-1906bd525a7c}</UniqueIdentifier>
    </Filter>
    <Filter Include="Libs\stb_image">
      <UniqueIdentifier>{952fafdd-82fe-45b5-917b-46c6e6a0c5df}</UniqueIdentifier>
    </Filter>
    <Filter Include="Source\Shaders">
      <UniqueIdentifier>{ef5e0122-2c93-4faf-bfa5-7c2778cbb5a6}</UniqueIdentifier>
    </Filter>
    <Filter Include="Libs\ImGuiNodeEditor">
      <UniqueIdentifier>{4fc7fceb-aaa4-484d-8f4e-37072c0b495e}</UniqueIdentifier>
    </Filter>
    <Filter Include="Source\Editor\Panels\Nodes">
      <UniqueIdentifier>{d4faa9fb-c6f8-4a34-9a6b-198a86b88863}</UniqueIdentifier>
    </Filter>
    <Filter Include="Source\Editor\Panels\Example">
      <UniqueIdentifier>{3e536255-1b8b-4f95-85bc-74a6bf41e6ee}</UniqueIdentifier>
    </Filter>
    <Filter Include="Source\GameObject\Components\UI">
      <UniqueIdentifier>{f14257b0-f5e3-4dcf-9d8e-c73dcdec444c}</UniqueIdentifier>
    </Filter>
  </ItemGroup>
  <ItemGroup>
    <ClCompile Include="Source\Main.cpp">
      <Filter>Source</Filter>
    </ClCompile>
    <ClCompile Include="Source\Engine.cpp">
      <Filter>Source</Filter>
    </ClCompile>
    <ClCompile Include="Source\Window.cpp">
      <Filter>Source\Modules</Filter>
    </ClCompile>
    <ClCompile Include="Source\Log.cpp">
      <Filter>Source\Utils</Filter>
    </ClCompile>
    <ClCompile Include="Source\Renderer3D.cpp">
      <Filter>Source\Modules</Filter>
    </ClCompile>
    <ClCompile Include="Source\Light.cpp">
      <Filter>Source\Helpers</Filter>
    </ClCompile>
    <ClCompile Include="Source\Color.cpp">
      <Filter>Source\Helpers</Filter>
    </ClCompile>
    <ClCompile Include="Source\glmath.cpp">
      <Filter>Source\Utils</Filter>
    </ClCompile>
    <ClCompile Include="Source\Camera3D.cpp">
      <Filter>Source\Modules</Filter>
    </ClCompile>
    <ClCompile Include="Source\Input.cpp">
      <Filter>Source\Modules</Filter>
    </ClCompile>
    <ClCompile Include="Source\SceneIntro.cpp">
      <Filter>Source\Scenes</Filter>
    </ClCompile>
    <ClCompile Include="Source\Primitive.cpp">
      <Filter>Source\Helpers</Filter>
    </ClCompile>
    <ClCompile Include="Source\External\imgui\imgui.cpp">
      <Filter>Libs\imgui</Filter>
    </ClCompile>
    <ClCompile Include="Source\External\imgui\imgui_demo.cpp">
      <Filter>Libs\imgui</Filter>
    </ClCompile>
    <ClCompile Include="Source\External\imgui\imgui_draw.cpp">
      <Filter>Libs\imgui</Filter>
    </ClCompile>
    <ClCompile Include="Source\External\imgui\imgui_impl_opengl2.cpp">
      <Filter>Libs\imgui</Filter>
    </ClCompile>
    <ClCompile Include="Source\External\imgui\imgui_impl_opengl3.cpp">
      <Filter>Libs\imgui</Filter>
    </ClCompile>
    <ClCompile Include="Source\External\imgui\imgui_impl_sdl.cpp">
      <Filter>Libs\imgui</Filter>
    </ClCompile>
    <ClCompile Include="Source\External\imgui\imgui_tables.cpp">
      <Filter>Libs\imgui</Filter>
    </ClCompile>
    <ClCompile Include="Source\External\imgui\imgui_widgets.cpp">
      <Filter>Libs\imgui</Filter>
    </ClCompile>
    <ClCompile Include="Source\External\MathGeoLib\MathGeoLib\Algorithm\Random\LCG.cpp">
      <Filter>Libs\MathGeoLib\Algorithms\Random</Filter>
    </ClCompile>
    <ClCompile Include="Source\External\MathGeoLib\MathGeoLib\Geometry\AABB.cpp">
      <Filter>Libs\MathGeoLib\Geometry</Filter>
    </ClCompile>
    <ClCompile Include="Source\External\MathGeoLib\MathGeoLib\Geometry\Capsule.cpp">
      <Filter>Libs\MathGeoLib\Geometry</Filter>
    </ClCompile>
    <ClCompile Include="Source\External\MathGeoLib\MathGeoLib\Geometry\Circle.cpp">
      <Filter>Libs\MathGeoLib\Geometry</Filter>
    </ClCompile>
    <ClCompile Include="Source\External\MathGeoLib\MathGeoLib\Geometry\Frustum.cpp">
      <Filter>Libs\MathGeoLib\Geometry</Filter>
    </ClCompile>
    <ClCompile Include="Source\External\MathGeoLib\MathGeoLib\Geometry\Line.cpp">
      <Filter>Libs\MathGeoLib\Geometry</Filter>
    </ClCompile>
    <ClCompile Include="Source\External\MathGeoLib\MathGeoLib\Geometry\LineSegment.cpp">
      <Filter>Libs\MathGeoLib\Geometry</Filter>
    </ClCompile>
    <ClCompile Include="Source\External\MathGeoLib\MathGeoLib\Geometry\OBB.cpp">
      <Filter>Libs\MathGeoLib\Geometry</Filter>
    </ClCompile>
    <ClCompile Include="Source\External\MathGeoLib\MathGeoLib\Geometry\Plane.cpp">
      <Filter>Libs\MathGeoLib\Geometry</Filter>
    </ClCompile>
    <ClCompile Include="Source\External\MathGeoLib\MathGeoLib\Geometry\Polygon.cpp">
      <Filter>Libs\MathGeoLib\Geometry</Filter>
    </ClCompile>
    <ClCompile Include="Source\External\MathGeoLib\MathGeoLib\Geometry\Polyhedron.cpp">
      <Filter>Libs\MathGeoLib\Geometry</Filter>
    </ClCompile>
    <ClCompile Include="Source\External\MathGeoLib\MathGeoLib\Geometry\Ray.cpp">
      <Filter>Libs\MathGeoLib\Geometry</Filter>
    </ClCompile>
    <ClCompile Include="Source\External\MathGeoLib\MathGeoLib\Geometry\Sphere.cpp">
      <Filter>Libs\MathGeoLib\Geometry</Filter>
    </ClCompile>
    <ClCompile Include="Source\External\MathGeoLib\MathGeoLib\Geometry\Triangle.cpp">
      <Filter>Libs\MathGeoLib\Geometry</Filter>
    </ClCompile>
    <ClCompile Include="Source\External\MathGeoLib\MathGeoLib\Geometry\TriangleMesh.cpp">
      <Filter>Libs\MathGeoLib\Geometry</Filter>
    </ClCompile>
    <ClCompile Include="Source\External\MathGeoLib\MathGeoLib\Math\BitOps.cpp">
      <Filter>Libs\MathGeoLib\Math</Filter>
    </ClCompile>
    <ClCompile Include="Source\External\MathGeoLib\MathGeoLib\Math\float2.cpp">
      <Filter>Libs\MathGeoLib\Math</Filter>
    </ClCompile>
    <ClCompile Include="Source\External\MathGeoLib\MathGeoLib\Math\float3.cpp">
      <Filter>Libs\MathGeoLib\Math</Filter>
    </ClCompile>
    <ClCompile Include="Source\External\MathGeoLib\MathGeoLib\Math\float3x3.cpp">
      <Filter>Libs\MathGeoLib\Math</Filter>
    </ClCompile>
    <ClCompile Include="Source\External\MathGeoLib\MathGeoLib\Math\float3x4.cpp">
      <Filter>Libs\MathGeoLib\Math</Filter>
    </ClCompile>
    <ClCompile Include="Source\External\MathGeoLib\MathGeoLib\Math\float4.cpp">
      <Filter>Libs\MathGeoLib\Math</Filter>
    </ClCompile>
    <ClCompile Include="Source\External\MathGeoLib\MathGeoLib\Math\float4x4.cpp">
      <Filter>Libs\MathGeoLib\Math</Filter>
    </ClCompile>
    <ClCompile Include="Source\External\MathGeoLib\MathGeoLib\Math\MathFunc.cpp">
      <Filter>Libs\MathGeoLib\Math</Filter>
    </ClCompile>
    <ClCompile Include="Source\External\MathGeoLib\MathGeoLib\Math\MathLog.cpp">
      <Filter>Libs\MathGeoLib\Math</Filter>
    </ClCompile>
    <ClCompile Include="Source\External\MathGeoLib\MathGeoLib\Math\MathOps.cpp">
      <Filter>Libs\MathGeoLib\Math</Filter>
    </ClCompile>
    <ClCompile Include="Source\External\MathGeoLib\MathGeoLib\Math\Polynomial.cpp">
      <Filter>Libs\MathGeoLib\Math</Filter>
    </ClCompile>
    <ClCompile Include="Source\External\MathGeoLib\MathGeoLib\Math\Quat.cpp">
      <Filter>Libs\MathGeoLib\Math</Filter>
    </ClCompile>
    <ClCompile Include="Source\External\MathGeoLib\MathGeoLib\Math\SSEMath.cpp">
      <Filter>Libs\MathGeoLib\Math</Filter>
    </ClCompile>
    <ClCompile Include="Source\External\MathGeoLib\MathGeoLib\Math\TransformOps.cpp">
      <Filter>Libs\MathGeoLib\Math</Filter>
    </ClCompile>
    <ClCompile Include="Source\External\MathGeoLib\MathGeoLib\Time\Clock.cpp">
      <Filter>Libs\MathGeoLib\Time</Filter>
    </ClCompile>
    <ClCompile Include="Source\JsonHandler.cpp">
      <Filter>Source\Utils</Filter>
    </ClCompile>
    <ClCompile Include="Source\EditorStyleHandler.cpp">
      <Filter>Source\Editor\Style</Filter>
    </ClCompile>
    <ClCompile Include="Source\Editor.cpp">
      <Filter>Source\Modules</Filter>
    </ClCompile>
    <ClCompile Include="Source\External\mmgr\mmgr.cpp">
      <Filter>Libs\mmgr</Filter>
    </ClCompile>
    <ClCompile Include="Source\PanelConfiguration.cpp">
      <Filter>Source\Editor\Panels</Filter>
    </ClCompile>
    <ClCompile Include="Source\PanelLog.cpp">
      <Filter>Source\Editor\Panels</Filter>
    </ClCompile>
    <ClCompile Include="Source\PanelAbout.cpp">
      <Filter>Source\Editor\Panels</Filter>
    </ClCompile>
    <ClCompile Include="Source\MainBar.cpp">
      <Filter>Source\Editor\MenuBars</Filter>
    </ClCompile>
    <ClCompile Include="Source\FileSystem.cpp">
      <Filter>Source\Modules</Filter>
    </ClCompile>
    <ClCompile Include="Source\PanelChooser.cpp">
      <Filter>Source\Editor\Panels</Filter>
    </ClCompile>
    <ClCompile Include="Source\Mesh.cpp">
      <Filter>Source\GameObject\Components</Filter>
    </ClCompile>
    <ClCompile Include="Source\GameObject.cpp">
      <Filter>Source\GameObject</Filter>
    </ClCompile>
    <ClCompile Include="Source\PanelInspector.cpp">
      <Filter>Source\Editor\Panels</Filter>
    </ClCompile>
    <ClCompile Include="Source\External\stb_image\stb_image.cpp">
      <Filter>Libs\stb_image</Filter>
    </ClCompile>
    <ClCompile Include="Source\ComponentMesh.cpp">
      <Filter>Source\GameObject\Components</Filter>
    </ClCompile>
    <ClCompile Include="Source\ComponentTransform.cpp">
      <Filter>Source\GameObject\Components</Filter>
    </ClCompile>
    <ClCompile Include="Source\ComponentMaterial.cpp">
      <Filter>Source\GameObject\Components</Filter>
    </ClCompile>
    <ClCompile Include="Source\PanelHierarchy.cpp">
      <Filter>Source\Editor\Panels</Filter>
    </ClCompile>
    <ClCompile Include="Source\ComponentInfo.cpp">
      <Filter>Source\GameObject\Components</Filter>
    </ClCompile>
    <ClCompile Include="Source\External\imgui\imgui_stdlib.cpp">
      <Filter>Libs\imgui</Filter>
    </ClCompile>
    <ClCompile Include="Source\Component.cpp">
      <Filter>Source\GameObject\Components</Filter>
    </ClCompile>
    <ClCompile Include="Source\PanelViewport.cpp">
      <Filter>Source\Editor\Panels</Filter>
    </ClCompile>
    <ClCompile Include="Source\ViewportFrameBuffer.cpp">
      <Filter>Source\Modules</Filter>
    </ClCompile>
    <ClCompile Include="Source\PanelGame.cpp">
      <Filter>Source\Editor\Panels</Filter>
    </ClCompile>
    <ClCompile Include="Source\SceneManager.cpp">
      <Filter>Source\Scenes</Filter>
    </ClCompile>
    <ClCompile Include="Source\PanelRuntimeState.cpp">
      <Filter>Source\Editor\Panels</Filter>
    </ClCompile>
    <ClCompile Include="Source\Importer.cpp">
      <Filter>Source\Modules</Filter>
    </ClCompile>
    <ClCompile Include="Source\ComponentCamera.cpp">
      <Filter>Source\GameObject\Components</Filter>
    </ClCompile>
    <ClCompile Include="Source\PanelAssets.cpp">
      <Filter>Source\Editor\Panels</Filter>
    </ClCompile>
    <ClCompile Include="Source\Shader.cpp">
      <Filter>Source\Shaders</Filter>
    </ClCompile>
    <ClCompile Include="Source\Texture.cpp">
      <Filter>Source\Utils</Filter>
    </ClCompile>
    <ClCompile Include="Source\PanelNodeEditor.cpp">
      <Filter>Source\Editor\Panels</Filter>
    </ClCompile>
    <ClCompile Include="Source\External\imgui_node_editor\imnodes.cpp">
      <Filter>Libs\ImGuiNodeEditor</Filter>
    </ClCompile>
    <ClCompile Include="Source\color_node_editor.cpp">
      <Filter>Source\Editor\Panels\Example</Filter>
    </ClCompile>
    <ClCompile Include="Source\PanelTextEditor.cpp">
      <Filter>Source\Editor\Panels</Filter>
    </ClCompile>
    <ClCompile Include="Source\TextEditor.cpp">
      <Filter>Source\Editor\Panels</Filter>
    </ClCompile>
    <ClCompile Include="Source\UI.cpp">
      <Filter>Source\Modules</Filter>
    </ClCompile>
    <ClCompile Include="Source\ComponentTransform2D.cpp">
      <Filter>Source\GameObject\Components\UI</Filter>
    </ClCompile>
    <ClCompile Include="Source\ComponentCanvas.cpp">
      <Filter>Source\GameObject\Components\UI</Filter>
    </ClCompile>
  </ItemGroup>
  <ItemGroup>
    <ClInclude Include="Source\Engine.h">
      <Filter>Source</Filter>
    </ClInclude>
    <ClInclude Include="Source\Defs.h">
      <Filter>Source\Utils</Filter>
    </ClInclude>
    <ClInclude Include="Source\Log.h">
      <Filter>Source\Utils</Filter>
    </ClInclude>
    <ClInclude Include="Source\PerfTimer.h">
      <Filter>Source\Utils</Filter>
    </ClInclude>
    <ClInclude Include="Source\SString.h">
      <Filter>Source\Utils</Filter>
    </ClInclude>
    <ClInclude Include="Source\Timer.h">
      <Filter>Source\Utils</Filter>
    </ClInclude>
    <ClInclude Include="Source\Module.h">
      <Filter>Source\Modules</Filter>
    </ClInclude>
    <ClInclude Include="Source\Window.h">
      <Filter>Source\Modules</Filter>
    </ClInclude>
    <ClInclude Include="Source\Renderer3D.h">
      <Filter>Source\Modules</Filter>
    </ClInclude>
    <ClInclude Include="Source\Light.h">
      <Filter>Source\Helpers</Filter>
    </ClInclude>
    <ClInclude Include="Source\Color.h">
      <Filter>Source\Helpers</Filter>
    </ClInclude>
    <ClInclude Include="Source\Globals.h">
      <Filter>Source</Filter>
    </ClInclude>
    <ClInclude Include="Source\glmath.h">
      <Filter>Source\Utils</Filter>
    </ClInclude>
    <ClInclude Include="Source\Camera3D.h">
      <Filter>Source\Modules</Filter>
    </ClInclude>
    <ClInclude Include="Source\Input.h">
      <Filter>Source\Modules</Filter>
    </ClInclude>
    <ClInclude Include="Source\SceneIntro.h">
      <Filter>Source\Scenes</Filter>
    </ClInclude>
    <ClInclude Include="Source\Primitive.h">
      <Filter>Source\Helpers</Filter>
    </ClInclude>
    <ClInclude Include="Source\External\imgui\imconfig.h">
      <Filter>Libs\imgui</Filter>
    </ClInclude>
    <ClInclude Include="Source\External\imgui\imgui.h">
      <Filter>Libs\imgui</Filter>
    </ClInclude>
    <ClInclude Include="Source\External\imgui\imgui_impl_opengl2.h">
      <Filter>Libs\imgui</Filter>
    </ClInclude>
    <ClInclude Include="Source\External\imgui\imgui_impl_opengl3.h">
      <Filter>Libs\imgui</Filter>
    </ClInclude>
    <ClInclude Include="Source\External\imgui\imgui_impl_opengl3_loader.h">
      <Filter>Libs\imgui</Filter>
    </ClInclude>
    <ClInclude Include="Source\External\imgui\imgui_impl_sdl.h">
      <Filter>Libs\imgui</Filter>
    </ClInclude>
    <ClInclude Include="Source\External\imgui\imgui_internal.h">
      <Filter>Libs\imgui</Filter>
    </ClInclude>
    <ClInclude Include="Source\External\imgui\imstb_rectpack.h">
      <Filter>Libs\imgui</Filter>
    </ClInclude>
    <ClInclude Include="Source\External\imgui\imstb_textedit.h">
      <Filter>Libs\imgui</Filter>
    </ClInclude>
    <ClInclude Include="Source\External\imgui\imstb_truetype.h">
      <Filter>Libs\imgui</Filter>
    </ClInclude>
    <ClInclude Include="Source\External\MathGeoLib\MathGeoLib\Algorithm\Random\LCG.h">
      <Filter>Libs\MathGeoLib\Algorithms\Random</Filter>
    </ClInclude>
    <ClInclude Include="Source\External\MathGeoLib\MathGeoLib\Geometry\AABB.h">
      <Filter>Libs\MathGeoLib\Geometry</Filter>
    </ClInclude>
    <ClInclude Include="Source\External\MathGeoLib\MathGeoLib\Geometry\AABB2D.h">
      <Filter>Libs\MathGeoLib\Geometry</Filter>
    </ClInclude>
    <ClInclude Include="Source\External\MathGeoLib\MathGeoLib\Geometry\Capsule.h">
      <Filter>Libs\MathGeoLib\Geometry</Filter>
    </ClInclude>
    <ClInclude Include="Source\External\MathGeoLib\MathGeoLib\Geometry\Circle.h">
      <Filter>Libs\MathGeoLib\Geometry</Filter>
    </ClInclude>
    <ClInclude Include="Source\External\MathGeoLib\MathGeoLib\Geometry\Frustum.h">
      <Filter>Libs\MathGeoLib\Geometry</Filter>
    </ClInclude>
    <ClInclude Include="Source\External\MathGeoLib\MathGeoLib\Geometry\GeometryAll.h">
      <Filter>Libs\MathGeoLib\Geometry</Filter>
    </ClInclude>
    <ClInclude Include="Source\External\MathGeoLib\MathGeoLib\Geometry\GeomType.h">
      <Filter>Libs\MathGeoLib\Geometry</Filter>
    </ClInclude>
    <ClInclude Include="Source\External\MathGeoLib\MathGeoLib\Geometry\HitInfo.h">
      <Filter>Libs\MathGeoLib\Geometry</Filter>
    </ClInclude>
    <ClInclude Include="Source\External\MathGeoLib\MathGeoLib\Geometry\KDTree.h">
      <Filter>Libs\MathGeoLib\Geometry</Filter>
    </ClInclude>
    <ClInclude Include="Source\External\MathGeoLib\MathGeoLib\Geometry\Line.h">
      <Filter>Libs\MathGeoLib\Geometry</Filter>
    </ClInclude>
    <ClInclude Include="Source\External\MathGeoLib\MathGeoLib\Geometry\LineSegment.h">
      <Filter>Libs\MathGeoLib\Geometry</Filter>
    </ClInclude>
    <ClInclude Include="Source\External\MathGeoLib\MathGeoLib\Geometry\OBB.h">
      <Filter>Libs\MathGeoLib\Geometry</Filter>
    </ClInclude>
    <ClInclude Include="Source\External\MathGeoLib\MathGeoLib\Geometry\PBVolume.h">
      <Filter>Libs\MathGeoLib\Geometry</Filter>
    </ClInclude>
    <ClInclude Include="Source\External\MathGeoLib\MathGeoLib\Geometry\Plane.h">
      <Filter>Libs\MathGeoLib\Geometry</Filter>
    </ClInclude>
    <ClInclude Include="Source\External\MathGeoLib\MathGeoLib\Geometry\Polygon.h">
      <Filter>Libs\MathGeoLib\Geometry</Filter>
    </ClInclude>
    <ClInclude Include="Source\External\MathGeoLib\MathGeoLib\Geometry\Polyhedron.h">
      <Filter>Libs\MathGeoLib\Geometry</Filter>
    </ClInclude>
    <ClInclude Include="Source\External\MathGeoLib\MathGeoLib\Geometry\QuadTree.h">
      <Filter>Libs\MathGeoLib\Geometry</Filter>
    </ClInclude>
    <ClInclude Include="Source\External\MathGeoLib\MathGeoLib\Geometry\Ray.h">
      <Filter>Libs\MathGeoLib\Geometry</Filter>
    </ClInclude>
    <ClInclude Include="Source\External\MathGeoLib\MathGeoLib\Geometry\Sphere.h">
      <Filter>Libs\MathGeoLib\Geometry</Filter>
    </ClInclude>
    <ClInclude Include="Source\External\MathGeoLib\MathGeoLib\Geometry\Triangle.h">
      <Filter>Libs\MathGeoLib\Geometry</Filter>
    </ClInclude>
    <ClInclude Include="Source\External\MathGeoLib\MathGeoLib\Geometry\TriangleMesh.h">
      <Filter>Libs\MathGeoLib\Geometry</Filter>
    </ClInclude>
    <ClInclude Include="Source\External\MathGeoLib\MathGeoLib\Math\assume.h">
      <Filter>Libs\MathGeoLib\Math</Filter>
    </ClInclude>
    <ClInclude Include="Source\External\MathGeoLib\MathGeoLib\Math\BitOps.h">
      <Filter>Libs\MathGeoLib\Math</Filter>
    </ClInclude>
    <ClInclude Include="Source\External\MathGeoLib\MathGeoLib\Math\Complex.h">
      <Filter>Libs\MathGeoLib\Math</Filter>
    </ClInclude>
    <ClInclude Include="Source\External\MathGeoLib\MathGeoLib\Math\CoordinateAxisConvention.h">
      <Filter>Libs\MathGeoLib\Math</Filter>
    </ClInclude>
    <ClInclude Include="Source\External\MathGeoLib\MathGeoLib\Math\FixedPoint.h">
      <Filter>Libs\MathGeoLib\Math</Filter>
    </ClInclude>
    <ClInclude Include="Source\External\MathGeoLib\MathGeoLib\Math\float2.h">
      <Filter>Libs\MathGeoLib\Math</Filter>
    </ClInclude>
    <ClInclude Include="Source\External\MathGeoLib\MathGeoLib\Math\float3.h">
      <Filter>Libs\MathGeoLib\Math</Filter>
    </ClInclude>
    <ClInclude Include="Source\External\MathGeoLib\MathGeoLib\Math\float3x3.h">
      <Filter>Libs\MathGeoLib\Math</Filter>
    </ClInclude>
    <ClInclude Include="Source\External\MathGeoLib\MathGeoLib\Math\float3x4.h">
      <Filter>Libs\MathGeoLib\Math</Filter>
    </ClInclude>
    <ClInclude Include="Source\External\MathGeoLib\MathGeoLib\Math\float4.h">
      <Filter>Libs\MathGeoLib\Math</Filter>
    </ClInclude>
    <ClInclude Include="Source\External\MathGeoLib\MathGeoLib\Math\float4_neon.h">
      <Filter>Libs\MathGeoLib\Math</Filter>
    </ClInclude>
    <ClInclude Include="Source\External\MathGeoLib\MathGeoLib\Math\float4_sse.h">
      <Filter>Libs\MathGeoLib\Math</Filter>
    </ClInclude>
    <ClInclude Include="Source\External\MathGeoLib\MathGeoLib\Math\float4x4.h">
      <Filter>Libs\MathGeoLib\Math</Filter>
    </ClInclude>
    <ClInclude Include="Source\External\MathGeoLib\MathGeoLib\Math\float4x4_neon.h">
      <Filter>Libs\MathGeoLib\Math</Filter>
    </ClInclude>
    <ClInclude Include="Source\External\MathGeoLib\MathGeoLib\Math\float4x4_sse.h">
      <Filter>Libs\MathGeoLib\Math</Filter>
    </ClInclude>
    <ClInclude Include="Source\External\MathGeoLib\MathGeoLib\Math\FloatCmp.h">
      <Filter>Libs\MathGeoLib\Math</Filter>
    </ClInclude>
    <ClInclude Include="Source\External\MathGeoLib\MathGeoLib\Math\MathAll.h">
      <Filter>Libs\MathGeoLib\Math</Filter>
    </ClInclude>
    <ClInclude Include="Source\External\MathGeoLib\MathGeoLib\Math\MathConstants.h">
      <Filter>Libs\MathGeoLib\Math</Filter>
    </ClInclude>
    <ClInclude Include="Source\External\MathGeoLib\MathGeoLib\Math\MathFunc.h">
      <Filter>Libs\MathGeoLib\Math</Filter>
    </ClInclude>
    <ClInclude Include="Source\External\MathGeoLib\MathGeoLib\Math\MathLog.h">
      <Filter>Libs\MathGeoLib\Math</Filter>
    </ClInclude>
    <ClInclude Include="Source\External\MathGeoLib\MathGeoLib\Math\MathNamespace.h">
      <Filter>Libs\MathGeoLib\Math</Filter>
    </ClInclude>
    <ClInclude Include="Source\External\MathGeoLib\MathGeoLib\Math\MathTypes.h">
      <Filter>Libs\MathGeoLib\Math</Filter>
    </ClInclude>
    <ClInclude Include="Source\External\MathGeoLib\MathGeoLib\Math\MatrixProxy.h">
      <Filter>Libs\MathGeoLib\Math</Filter>
    </ClInclude>
    <ClInclude Include="Source\External\MathGeoLib\MathGeoLib\Math\myassert.h">
      <Filter>Libs\MathGeoLib\Math</Filter>
    </ClInclude>
    <ClInclude Include="Source\External\MathGeoLib\MathGeoLib\Math\Polynomial.h">
      <Filter>Libs\MathGeoLib\Math</Filter>
    </ClInclude>
    <ClInclude Include="Source\External\MathGeoLib\MathGeoLib\Math\Quat.h">
      <Filter>Libs\MathGeoLib\Math</Filter>
    </ClInclude>
    <ClInclude Include="Source\External\MathGeoLib\MathGeoLib\Math\quat_simd.h">
      <Filter>Libs\MathGeoLib\Math</Filter>
    </ClInclude>
    <ClInclude Include="Source\External\MathGeoLib\MathGeoLib\Math\Rect.h">
      <Filter>Libs\MathGeoLib\Math</Filter>
    </ClInclude>
    <ClInclude Include="Source\External\MathGeoLib\MathGeoLib\Math\Reinterpret.h">
      <Filter>Libs\MathGeoLib\Math</Filter>
    </ClInclude>
    <ClInclude Include="Source\External\MathGeoLib\MathGeoLib\Math\sse_mathfun.h">
      <Filter>Libs\MathGeoLib\Math</Filter>
    </ClInclude>
    <ClInclude Include="Source\External\MathGeoLib\MathGeoLib\Math\SSEMath.h">
      <Filter>Libs\MathGeoLib\Math</Filter>
    </ClInclude>
    <ClInclude Include="Source\External\MathGeoLib\MathGeoLib\Math\TransformOps.h">
      <Filter>Libs\MathGeoLib\Math</Filter>
    </ClInclude>
    <ClInclude Include="Source\External\MathGeoLib\MathGeoLib\Time\Clock.h">
      <Filter>Libs\MathGeoLib\Time</Filter>
    </ClInclude>
    <ClInclude Include="Source\External\MathGeoLib\MathGeoLib\MathBuildConfig.h">
      <Filter>Libs\MathGeoLib</Filter>
    </ClInclude>
    <ClInclude Include="Source\External\MathGeoLib\MathGeoLib\MathGeoLib.h">
      <Filter>Libs\MathGeoLib</Filter>
    </ClInclude>
    <ClInclude Include="Source\External\MathGeoLib\MathGeoLib\MathGeoLibFwd.h">
      <Filter>Libs\MathGeoLib</Filter>
    </ClInclude>
    <ClInclude Include="Source\External\JsonParser\json.hpp">
      <Filter>Libs\JsonParser</Filter>
    </ClInclude>
    <ClInclude Include="Source\RNG.h">
      <Filter>Source\Utils</Filter>
    </ClInclude>
    <ClInclude Include="Source\JsonHandler.h">
      <Filter>Source\Utils</Filter>
    </ClInclude>
    <ClInclude Include="Source\EditorStyleHandler.h">
      <Filter>Source\Editor\Style</Filter>
    </ClInclude>
    <ClInclude Include="Source\Panel.h">
      <Filter>Source\Editor\Panels</Filter>
    </ClInclude>
    <ClInclude Include="Source\Editor.h">
      <Filter>Source\Modules</Filter>
    </ClInclude>
    <ClInclude Include="Source\External\mmgr\mmgr.h">
      <Filter>Libs\mmgr</Filter>
    </ClInclude>
    <ClInclude Include="Source\External\mmgr\nommgr.h">
      <Filter>Libs\mmgr</Filter>
    </ClInclude>
    <ClInclude Include="Source\PanelConfiguration.h">
      <Filter>Source\Editor\Panels</Filter>
    </ClInclude>
    <ClInclude Include="Source\EngineConfig.h">
      <Filter>Source\Helpers</Filter>
    </ClInclude>
    <ClInclude Include="Source\ImGuiAppLog.h">
      <Filter>Source\Utils</Filter>
    </ClInclude>
    <ClInclude Include="Source\PanelLog.h">
      <Filter>Source\Editor\Panels</Filter>
    </ClInclude>
    <ClInclude Include="Source\External\imgui\Extras\Markdown\imgui_markdown.h">
      <Filter>Libs\imgui</Filter>
    </ClInclude>
    <ClInclude Include="Source\PanelAbout.h">
      <Filter>Source\Editor\Panels</Filter>
    </ClInclude>
    <ClInclude Include="Source\MainBar.h">
      <Filter>Source\Editor\MenuBars</Filter>
    </ClInclude>
    <ClInclude Include="Source\FileSystem.h">
      <Filter>Source\Modules</Filter>
    </ClInclude>
    <ClInclude Include="Source\PanelChooser.h">
      <Filter>Source\Editor\Panels</Filter>
    </ClInclude>
    <ClInclude Include="Source\Mesh.h">
      <Filter>Source\GameObject\Components</Filter>
    </ClInclude>
    <ClInclude Include="Source\GameObject.h">
      <Filter>Source\GameObject</Filter>
    </ClInclude>
    <ClInclude Include="Source\PanelInspector.h">
      <Filter>Source\Editor\Panels</Filter>
    </ClInclude>
    <ClInclude Include="Source\External\stb_image\stb_image.h">
      <Filter>Libs\stb_image</Filter>
    </ClInclude>
    <ClInclude Include="Source\Component.h">
      <Filter>Source\GameObject\Components</Filter>
    </ClInclude>
    <ClInclude Include="Source\ComponentMesh.h">
      <Filter>Source\GameObject\Components</Filter>
    </ClInclude>
    <ClInclude Include="Source\ComponentTransform.h">
      <Filter>Source\GameObject\Components</Filter>
    </ClInclude>
    <ClInclude Include="Source\ComponentMaterial.h">
      <Filter>Source\GameObject\Components</Filter>
    </ClInclude>
    <ClInclude Include="Source\PanelHierarchy.h">
      <Filter>Source\Editor\Panels</Filter>
    </ClInclude>
    <ClInclude Include="Source\ComponentInfo.h">
      <Filter>Source\GameObject\Components</Filter>
    </ClInclude>
    <ClInclude Include="Source\External\imgui\imgui_stdlib.h">
      <Filter>Libs\imgui</Filter>
    </ClInclude>
    <ClInclude Include="Source\PanelViewport.h">
      <Filter>Source\Editor\Panels</Filter>
    </ClInclude>
    <ClInclude Include="Source\ViewportFrameBuffer.h">
      <Filter>Source\Modules</Filter>
    </ClInclude>
    <ClInclude Include="Source\PanelGame.h">
      <Filter>Source\Editor\Panels</Filter>
    </ClInclude>
    <ClInclude Include="Source\Scene.h">
      <Filter>Source\Scenes</Filter>
    </ClInclude>
    <ClInclude Include="Source\SceneManager.h">
      <Filter>Source\Scenes</Filter>
    </ClInclude>
    <ClInclude Include="Source\PanelRuntimeState.h">
      <Filter>Source\Editor\Panels</Filter>
    </ClInclude>
    <ClInclude Include="Source\Importer.h">
      <Filter>Source\Modules</Filter>
    </ClInclude>
    <ClInclude Include="Source\ComponentCamera.h">
      <Filter>Source\GameObject\Components</Filter>
    </ClInclude>
    <ClInclude Include="Source\PanelAssets.h">
      <Filter>Source\Editor\Panels</Filter>
    </ClInclude>
    <ClInclude Include="Source\Shader.h">
      <Filter>Source\Shaders</Filter>
    </ClInclude>
    <ClInclude Include="Source\Texture.h">
      <Filter>Source\Utils</Filter>
    </ClInclude>
    <ClInclude Include="Source\PanelNodeEditor.h">
      <Filter>Source\Editor\Panels</Filter>
    </ClInclude>
    <ClInclude Include="Source\External\imgui_node_editor\imnodes.h">
      <Filter>Libs\ImGuiNodeEditor</Filter>
    </ClInclude>
    <ClInclude Include="Source\External\imgui_node_editor\imnodes_internal.h">
      <Filter>Libs\ImGuiNodeEditor</Filter>
    </ClInclude>
    <ClInclude Include="Source\Material.h">
      <Filter>Source\GameObject\Components</Filter>
    </ClInclude>
    <ClInclude Include="Source\Node.h">
      <Filter>Source\Editor\Panels\Nodes</Filter>
    </ClInclude>
    <ClInclude Include="Source\MaterialNode.h">
      <Filter>Source\Editor\Panels\Nodes</Filter>
    </ClInclude>
    <ClInclude Include="Source\Graph.h">
      <Filter>Source\Editor\Panels\Nodes</Filter>
    </ClInclude>
    <ClInclude Include="Source\node_editor.h">
      <Filter>Source\Editor\Panels\Example</Filter>
    </ClInclude>
    <ClInclude Include="Source\PanelTextEditor.h">
      <Filter>Source\Editor\Panels</Filter>
    </ClInclude>
    <ClInclude Include="Source\TextEditor.h">
      <Filter>Source\Editor\Panels</Filter>
    </ClInclude>
    <ClInclude Include="Source\Vec1Node.h">
      <Filter>Source\Editor\Panels\Nodes</Filter>
    </ClInclude>
    <ClInclude Include="Source\AdditionNode.h">
      <Filter>Source\Editor\Panels\Nodes</Filter>
    </ClInclude>
    <ClInclude Include="Source\UI.h">
      <Filter>Source\Modules</Filter>
    </ClInclude>
    <ClInclude Include="Source\ComponentTransform2D.h">
      <Filter>Source\GameObject\Components\UI</Filter>
    </ClInclude>
    <ClInclude Include="Source\ComponentCanvas.h">
      <Filter>Source\GameObject\Components\UI</Filter>
    </ClInclude>
  </ItemGroup>
</Project>